
Microsoft Visual Studio Solution File, Format Version 12.00
# Visual Studio Version 16
VisualStudioVersion = 16.0.31129.286
MinimumVisualStudioVersion = 10.0.40219.1
Project("{FAE04EC0-301F-11D3-BF4B-00C04F79EFBC}") = "CustomerTemplateAPI", "CustomerTemplateAPI\CustomerTemplateAPI.csproj", "{6B2BF9BB-B536-4E26-90B0-EB2FF4F0514C}"
EndProject
Global
	GlobalSection(SolutionConfigurationPlatforms) = preSolution
		Debug|Any CPU = Debug|Any CPU
		Release|Any CPU = Release|Any CPU
	EndGlobalSection
	GlobalSection(ProjectConfigurationPlatforms) = postSolution
		{6B2BF9BB-B536-4E26-90B0-EB2FF4F0514C}.Debug|Any CPU.ActiveCfg = Debug|Any CPU
		{6B2BF9BB-B536-4E26-90B0-EB2FF4F0514C}.Debug|Any CPU.Build.0 = Debug|Any CPU
		{6B2BF9BB-B536-4E26-90B0-EB2FF4F0514C}.Release|Any CPU.ActiveCfg = Release|Any CPU
		{6B2BF9BB-B536-4E26-90B0-EB2FF4F0514C}.Release|Any CPU.Build.0 = Release|Any CPU
	EndGlobalSection
	GlobalSection(SolutionProperties) = preSolution
		HideSolutionNode = FALSE
	EndGlobalSection
	GlobalSection(ExtensibilityGlobals) = postSolution
		SolutionGuid = {C1E70126-265B-419B-BE91-A8428A66AE4E}
	EndGlobalSection
EndGlobal
